
Microsoft Visual Studio Solution File, Format Version 12.00
Project("{FAE04EC0-301F-11D3-BF4B-00C04F79EFBC}") = "WebApp", "WebApp\WebApp.csproj", "{79F58616-E378-432C-BEF5-4971377DD1D0}"
EndProject
Project("{FAE04EC0-301F-11D3-BF4B-00C04F79EFBC}") = "App.Domain", "App.Domain\App.Domain.csproj", "{30C13CE4-1E71-4320-8C01-8B685AA2E696}"
EndProject
Project("{2150E333-8FDC-42A3-9474-1A3956D46DE8}") = "App", "App", "{6CF24DC3-358A-409A-B7BE-F01AE645ECF6}"
EndProject
Project("{2150E333-8FDC-42A3-9474-1A3956D46DE8}") = "Base", "Base", "{979EDC0B-F7E2-4F8A-A384-AE43045FE1C5}"
EndProject
Project("{FAE04EC0-301F-11D3-BF4B-00C04F79EFBC}") = "Base.Domain", "Base.Domain\Base.Domain.csproj", "{78BABDD6-A9CE-47BC-AAF0-F2F2EF232821}"
EndProject
Project("{FAE04EC0-301F-11D3-BF4B-00C04F79EFBC}") = "Base.Contracts", "Base.Contracts\Base.Contracts.csproj", "{E285DD60-62CE-4C3F-A7BE-1149806B2127}"
EndProject
Project("{FAE04EC0-301F-11D3-BF4B-00C04F79EFBC}") = "App.DAL.EF", "App.DAL.EF\App.DAL.EF.csproj", "{9C8F5DEE-4198-40D3-8B02-D959B89A3B1E}"
EndProject
Project("{2150E333-8FDC-42A3-9474-1A3956D46DE8}") = "!Solution Items", "!Solution Items", "{12B5093B-20C3-4076-9598-B67184D40C63}"
	ProjectSection(SolutionItems) = preProject
		README.md = README.md
		.gitignore = .gitignore
		Directory.Build.Props = Directory.Build.Props
	EndProjectSection
EndProject
Project("{FAE04EC0-301F-11D3-BF4B-00C04F79EFBC}") = "App.Resources", "App.Resources\App.Resources.csproj", "{3579B381-FECA-4DD7-ABF0-EB9635F3D89A}"
EndProject
Project("{FAE04EC0-301F-11D3-BF4B-00C04F79EFBC}") = "Base.Helpers", "Base.Helpers\Base.Helpers.csproj", "{77746F00-2640-4237-A9E1-34B1F795DA8E}"
EndProject
Project("{FAE04EC0-301F-11D3-BF4B-00C04F79EFBC}") = "App.DTO", "App.DTO\App.DTO.csproj", "{3558E3E2-E08E-4AC2-AE21-34CDBB33A5D1}"
EndProject
Global
	GlobalSection(SolutionConfigurationPlatforms) = preSolution
		Debug|Any CPU = Debug|Any CPU
		Release|Any CPU = Release|Any CPU
	EndGlobalSection
	GlobalSection(ProjectConfigurationPlatforms) = postSolution
		{79F58616-E378-432C-BEF5-4971377DD1D0}.Debug|Any CPU.ActiveCfg = Debug|Any CPU
		{79F58616-E378-432C-BEF5-4971377DD1D0}.Debug|Any CPU.Build.0 = Debug|Any CPU
		{79F58616-E378-432C-BEF5-4971377DD1D0}.Release|Any CPU.ActiveCfg = Release|Any CPU
		{79F58616-E378-432C-BEF5-4971377DD1D0}.Release|Any CPU.Build.0 = Release|Any CPU
		{30C13CE4-1E71-4320-8C01-8B685AA2E696}.Debug|Any CPU.ActiveCfg = Debug|Any CPU
		{30C13CE4-1E71-4320-8C01-8B685AA2E696}.Debug|Any CPU.Build.0 = Debug|Any CPU
		{30C13CE4-1E71-4320-8C01-8B685AA2E696}.Release|Any CPU.ActiveCfg = Release|Any CPU
		{30C13CE4-1E71-4320-8C01-8B685AA2E696}.Release|Any CPU.Build.0 = Release|Any CPU
		{78BABDD6-A9CE-47BC-AAF0-F2F2EF232821}.Debug|Any CPU.ActiveCfg = Debug|Any CPU
		{78BABDD6-A9CE-47BC-AAF0-F2F2EF232821}.Debug|Any CPU.Build.0 = Debug|Any CPU
		{78BABDD6-A9CE-47BC-AAF0-F2F2EF232821}.Release|Any CPU.ActiveCfg = Release|Any CPU
		{78BABDD6-A9CE-47BC-AAF0-F2F2EF232821}.Release|Any CPU.Build.0 = Release|Any CPU
		{E285DD60-62CE-4C3F-A7BE-1149806B2127}.Debug|Any CPU.ActiveCfg = Debug|Any CPU
		{E285DD60-62CE-4C3F-A7BE-1149806B2127}.Debug|Any CPU.Build.0 = Debug|Any CPU
		{E285DD60-62CE-4C3F-A7BE-1149806B2127}.Release|Any CPU.ActiveCfg = Release|Any CPU
		{E285DD60-62CE-4C3F-A7BE-1149806B2127}.Release|Any CPU.Build.0 = Release|Any CPU
		{9C8F5DEE-4198-40D3-8B02-D959B89A3B1E}.Debug|Any CPU.ActiveCfg = Debug|Any CPU
		{9C8F5DEE-4198-40D3-8B02-D959B89A3B1E}.Debug|Any CPU.Build.0 = Debug|Any CPU
		{9C8F5DEE-4198-40D3-8B02-D959B89A3B1E}.Release|Any CPU.ActiveCfg = Release|Any CPU
		{9C8F5DEE-4198-40D3-8B02-D959B89A3B1E}.Release|Any CPU.Build.0 = Release|Any CPU
		{3579B381-FECA-4DD7-ABF0-EB9635F3D89A}.Debug|Any CPU.ActiveCfg = Debug|Any CPU
		{3579B381-FECA-4DD7-ABF0-EB9635F3D89A}.Debug|Any CPU.Build.0 = Debug|Any CPU
		{3579B381-FECA-4DD7-ABF0-EB9635F3D89A}.Release|Any CPU.ActiveCfg = Release|Any CPU
		{3579B381-FECA-4DD7-ABF0-EB9635F3D89A}.Release|Any CPU.Build.0 = Release|Any CPU
		{77746F00-2640-4237-A9E1-34B1F795DA8E}.Debug|Any CPU.ActiveCfg = Debug|Any CPU
		{77746F00-2640-4237-A9E1-34B1F795DA8E}.Debug|Any CPU.Build.0 = Debug|Any CPU
		{77746F00-2640-4237-A9E1-34B1F795DA8E}.Release|Any CPU.ActiveCfg = Release|Any CPU
		{77746F00-2640-4237-A9E1-34B1F795DA8E}.Release|Any CPU.Build.0 = Release|Any CPU
		{3558E3E2-E08E-4AC2-AE21-34CDBB33A5D1}.Debug|Any CPU.ActiveCfg = Debug|Any CPU
		{3558E3E2-E08E-4AC2-AE21-34CDBB33A5D1}.Debug|Any CPU.Build.0 = Debug|Any CPU
		{3558E3E2-E08E-4AC2-AE21-34CDBB33A5D1}.Release|Any CPU.ActiveCfg = Release|Any CPU
		{3558E3E2-E08E-4AC2-AE21-34CDBB33A5D1}.Release|Any CPU.Build.0 = Release|Any CPU
	EndGlobalSection
	GlobalSection(NestedProjects) = preSolution
		{30C13CE4-1E71-4320-8C01-8B685AA2E696} = {6CF24DC3-358A-409A-B7BE-F01AE645ECF6}
		{79F58616-E378-432C-BEF5-4971377DD1D0} = {6CF24DC3-358A-409A-B7BE-F01AE645ECF6}
		{78BABDD6-A9CE-47BC-AAF0-F2F2EF232821} = {979EDC0B-F7E2-4F8A-A384-AE43045FE1C5}
		{E285DD60-62CE-4C3F-A7BE-1149806B2127} = {979EDC0B-F7E2-4F8A-A384-AE43045FE1C5}
		{9C8F5DEE-4198-40D3-8B02-D959B89A3B1E} = {6CF24DC3-358A-409A-B7BE-F01AE645ECF6}
		{3579B381-FECA-4DD7-ABF0-EB9635F3D89A} = {6CF24DC3-358A-409A-B7BE-F01AE645ECF6}
		{77746F00-2640-4237-A9E1-34B1F795DA8E} = {979EDC0B-F7E2-4F8A-A384-AE43045FE1C5}
		{3558E3E2-E08E-4AC2-AE21-34CDBB33A5D1} = {6CF24DC3-358A-409A-B7BE-F01AE645ECF6}
	EndGlobalSection
EndGlobal
